
Microsoft Visual Studio Solution File, Format Version 12.00
# Visual Studio Version 17
VisualStudioVersion = 17.8.34316.72
MinimumVisualStudioVersion = 10.0.40219.1
Project("{FAE04EC0-301F-11D3-BF4B-00C04F79EFBC}") = "VisualTCC Prévia", "VisualTCC Prévia\VisualTCC Prévia.csproj", "{D41A871A-4F8E-49AB-8B28-9DA7DEAFCAFF}"
EndProject
Global
	GlobalSection(SolutionConfigurationPlatforms) = preSolution
		Debug|Any CPU = Debug|Any CPU
		Release|Any CPU = Release|Any CPU
	EndGlobalSection
	GlobalSection(ProjectConfigurationPlatforms) = postSolution
		{D41A871A-4F8E-49AB-8B28-9DA7DEAFCAFF}.Debug|Any CPU.ActiveCfg = Debug|Any CPU
		{D41A871A-4F8E-49AB-8B28-9DA7DEAFCAFF}.Debug|Any CPU.Build.0 = Debug|Any CPU
		{D41A871A-4F8E-49AB-8B28-9DA7DEAFCAFF}.Release|Any CPU.ActiveCfg = Release|Any CPU
		{D41A871A-4F8E-49AB-8B28-9DA7DEAFCAFF}.Release|Any CPU.Build.0 = Release|Any CPU
	EndGlobalSection
	GlobalSection(SolutionProperties) = preSolution
		HideSolutionNode = FALSE
	EndGlobalSection
	GlobalSection(ExtensibilityGlobals) = postSolution
		SolutionGuid = {12BE7E86-4CA3-4AB3-8ECC-7F9B6D74EE31}
	EndGlobalSection
EndGlobal
